{
  "pins" : [
    {
      "identity" : "yourcalendar",
      "kind" : "remoteSourceControl",
      "location" : "https://github.com/gitvalue/YourCalendar",
      "state" : {
        "revision" : "6d701d0f4b74809f9f0e427288649bf538cc6728",
        "version" : "1.0.0"
      }
    }
  ],
  "version" : 2
}
