{
  "pins" : [
    {
      "identity" : "yourcalendar",
      "kind" : "remoteSourceControl",
      "location" : "https://github.com/gitvalue/YourCalendar",
      "state" : {
        "revision" : "2a8fbe86fd8180ad73be7f413939711efa4251aa",
        "version" : "1.0.2"
      }
    }
  ],
  "version" : 2
}
